
Microsoft Visual Studio Solution File, Format Version 12.00
# Visual Studio Version 17
VisualStudioVersion = 17.4.33110.190
MinimumVisualStudioVersion = 10.0.40219.1
Project("{FAE04EC0-301F-11D3-BF4B-00C04F79EFBC}") = "test", "test\test.csproj", "{2DBD33DE-9040-4C8D-B8B3-D47381C41565}"
EndProject
Global
	GlobalSection(SolutionConfigurationPlatforms) = preSolution
		Debug|Any CPU = Debug|Any CPU
		Release|Any CPU = Release|Any CPU
	EndGlobalSection
	GlobalSection(ProjectConfigurationPlatforms) = postSolution
		{2DBD33DE-9040-4C8D-B8B3-D47381C41565}.Debug|Any CPU.ActiveCfg = Debug|Any CPU
		{2DBD33DE-9040-4C8D-B8B3-D47381C41565}.Debug|Any CPU.Build.0 = Debug|Any CPU
		{2DBD33DE-9040-4C8D-B8B3-D47381C41565}.Release|Any CPU.ActiveCfg = Release|Any CPU
		{2DBD33DE-9040-4C8D-B8B3-D47381C41565}.Release|Any CPU.Build.0 = Release|Any CPU
	EndGlobalSection
	GlobalSection(SolutionProperties) = preSolution
		HideSolutionNode = FALSE
	EndGlobalSection
	GlobalSection(ExtensibilityGlobals) = postSolution
		SolutionGuid = {E483109D-2C10-4C31-88E6-A225E93F30C4}
	EndGlobalSection
EndGlobal
